// !$*UTF8*$!
{
	archiveVersion = 1;
	classes = {
	};
	objectVersion = 50;
	objects = {

/* Begin PBXBuildFile section */
		2336A389279300AD009C7F18 /* AppDelegate.swift in Sources */ = {isa = PBXBuildFile; fileRef = 2336A388279300AD009C7F18 /* AppDelegate.swift */; };
		2336A38B279300AD009C7F18 /* SceneDelegate.swift in Sources */ = {isa = PBXBuildFile; fileRef = 2336A38A279300AD009C7F18 /* SceneDelegate.swift */; };
		2336A38D279300AD009C7F18 /* ViewController.swift in Sources */ = {isa = PBXBuildFile; fileRef = 2336A38C279300AD009C7F18 /* ViewController.swift */; };
		2336A390279300AD009C7F18 /* Main.storyboard in Resources */ = {isa = PBXBuildFile; fileRef = 2336A38E279300AD009C7F18 /* Main.storyboard */; };
		2336A393279300AD009C7F18 /* Note.xcdatamodeld in Sources */ = {isa = PBXBuildFile; fileRef = 2336A391279300AD009C7F18 /* Note.xcdatamodeld */; };
		2336A395279300AF009C7F18 /* Assets.xcassets in Resources */ = {isa = PBXBuildFile; fileRef = 2336A394279300AF009C7F18 /* Assets.xcassets */; };
		2336A398279300AF009C7F18 /* LaunchScreen.storyboard in Resources */ = {isa = PBXBuildFile; fileRef = 2336A396279300AF009C7F18 /* LaunchScreen.storyboard */; };
		2336A3A3279300AF009C7F18 /* NoteTests.swift in Sources */ = {isa = PBXBuildFile; fileRef = 2336A3A2279300AF009C7F18 /* NoteTests.swift */; };
		2336A3AE279300AF009C7F18 /* NoteUITests.swift in Sources */ = {isa = PBXBuildFile; fileRef = 2336A3AD279300AF009C7F18 /* NoteUITests.swift */; };
		2336A3D02795378E009C7F18 /* ListCell.swift in Sources */ = {isa = PBXBuildFile; fileRef = 2336A3CE2795378E009C7F18 /* ListCell.swift */; };
		2336A3D12795378E009C7F18 /* ListCell.xib in Resources */ = {isa = PBXBuildFile; fileRef = 2336A3CF2795378E009C7F18 /* ListCell.xib */; };
/* End PBXBuildFile section */

/* Begin PBXContainerItemProxy section */
		2336A39F279300AF009C7F18 /* PBXContainerItemProxy */ = {
			isa = PBXContainerItemProxy;
			containerPortal = 2336A37D279300AC009C7F18 /* Project object */;
			proxyType = 1;
			remoteGlobalIDString = 2336A384279300AD009C7F18;
			remoteInfo = Note;
		};
		2336A3AA279300AF009C7F18 /* PBXContainerItemProxy */ = {
			isa = PBXContainerItemProxy;
			containerPortal = 2336A37D279300AC009C7F18 /* Project object */;
			proxyType = 1;
			remoteGlobalIDString = 2336A384279300AD009C7F18;
			remoteInfo = Note;
		};
/* End PBXContainerItemProxy section */

/* Begin PBXFileReference section */
		2336A385279300AD009C7F18 /* Note.app */ = {isa = PBXFileReference; explicitFileType = wrapper.application; includeInIndex = 0; path = Note.app; sourceTree = BUILT_PRODUCTS_DIR; };
		2336A388279300AD009C7F18 /* AppDelegate.swift */ = {isa = PBXFileReference; lastKnownFileType = sourcecode.swift; path = AppDelegate.swift; sourceTree = "<group>"; };
		2336A38A279300AD009C7F18 /* SceneDelegate.swift */ = {isa = PBXFileReference; lastKnownFileType = sourcecode.swift; path = SceneDelegate.swift; sourceTree = "<group>"; };
		2336A38C279300AD009C7F18 /* ViewController.swift */ = {isa = PBXFileReference; lastKnownFileType = sourcecode.swift; path = ViewController.swift; sourceTree = "<group>"; };
		2336A38F279300AD009C7F18 /* Base */ = {isa = PBXFileReference; lastKnownFileType = file.storyboard; name = Base; path = Base.lproj/Main.storyboard; sourceTree = "<group>"; };
		2336A392279300AD009C7F18 /* Note.xcdatamodel */ = {isa = PBXFileReference; lastKnownFileType = wrapper.xcdatamodel; path = Note.xcdatamodel; sourceTree = "<group>"; };
		2336A394279300AF009C7F18 /* Assets.xcassets */ = {isa = PBXFileReference; lastKnownFileType = folder.assetcatalog; path = Assets.xcassets; sourceTree = "<group>"; };
		2336A397279300AF009C7F18 /* Base */ = {isa = PBXFileReference; lastKnownFileType = file.storyboard; name = Base; path = Base.lproj/LaunchScreen.storyboard; sourceTree = "<group>"; };
		2336A399279300AF009C7F18 /* Info.plist */ = {isa = PBXFileReference; lastKnownFileType = text.plist.xml; path = Info.plist; sourceTree = "<group>"; };
		2336A39E279300AF009C7F18 /* NoteTests.xctest */ = {isa = PBXFileReference; explicitFileType = wrapper.cfbundle; includeInIndex = 0; path = NoteTests.xctest; sourceTree = BUILT_PRODUCTS_DIR; };
		2336A3A2279300AF009C7F18 /* NoteTests.swift */ = {isa = PBXFileReference; lastKnownFileType = sourcecode.swift; path = NoteTests.swift; sourceTree = "<group>"; };
		2336A3A4279300AF009C7F18 /* Info.plist */ = {isa = PBXFileReference; lastKnownFileType = text.plist.xml; path = Info.plist; sourceTree = "<group>"; };
		2336A3A9279300AF009C7F18 /* NoteUITests.xctest */ = {isa = PBXFileReference; explicitFileType = wrapper.cfbundle; includeInIndex = 0; path = NoteUITests.xctest; sourceTree = BUILT_PRODUCTS_DIR; };
		2336A3AD279300AF009C7F18 /* NoteUITests.swift */ = {isa = PBXFileReference; lastKnownFileType = sourcecode.swift; path = NoteUITests.swift; sourceTree = "<group>"; };
		2336A3AF279300AF009C7F18 /* Info.plist */ = {isa = PBXFileReference; lastKnownFileType = text.plist.xml; path = Info.plist; sourceTree = "<group>"; };
		2336A3CE2795378E009C7F18 /* ListCell.swift */ = {isa = PBXFileReference; lastKnownFileType = sourcecode.swift; path = ListCell.swift; sourceTree = "<group>"; };
		2336A3CF2795378E009C7F18 /* ListCell.xib */ = {isa = PBXFileReference; lastKnownFileType = file.xib; path = ListCell.xib; sourceTree = "<group>"; };
/* End PBXFileReference section */

/* Begin PBXFrameworksBuildPhase section */
		2336A382279300AD009C7F18 /* Frameworks */ = {
			isa = PBXFrameworksBuildPhase;
			buildActionMask = 2147483647;
			files = (
			);
			runOnlyForDeploymentPostprocessing = 0;
		};
		2336A39B279300AF009C7F18 /* Frameworks */ = {
			isa = PBXFrameworksBuildPhase;
			buildActionMask = 2147483647;
			files = (
			);
			runOnlyForDeploymentPostprocessing = 0;
		};
		2336A3A6279300AF009C7F18 /* Frameworks */ = {
			isa = PBXFrameworksBuildPhase;
			buildActionMask = 2147483647;
			files = (
			);
			runOnlyForDeploymentPostprocessing = 0;
		};
/* End PBXFrameworksBuildPhase section */

/* Begin PBXGroup section */
		2336A37C279300AC009C7F18 = {
			isa = PBXGroup;
			children = (
				2336A387279300AD009C7F18 /* Note */,
				2336A3A1279300AF009C7F18 /* NoteTests */,
				2336A3AC279300AF009C7F18 /* NoteUITests */,
				2336A386279300AD009C7F18 /* Products */,
			);
			sourceTree = "<group>";
		};
		2336A386279300AD009C7F18 /* Products */ = {
			isa = PBXGroup;
			children = (
				2336A385279300AD009C7F18 /* Note.app */,
				2336A39E279300AF009C7F18 /* NoteTests.xctest */,
				2336A3A9279300AF009C7F18 /* NoteUITests.xctest */,
			);
			name = Products;
			sourceTree = "<group>";
		};
		2336A387279300AD009C7F18 /* Note */ = {
			isa = PBXGroup;
			children = (
				2336A388279300AD009C7F18 /* AppDelegate.swift */,
				2336A38A279300AD009C7F18 /* SceneDelegate.swift */,
				2336A38C279300AD009C7F18 /* ViewController.swift */,
				2336A38E279300AD009C7F18 /* Main.storyboard */,
				2336A3CE2795378E009C7F18 /* ListCell.swift */,
				2336A3CF2795378E009C7F18 /* ListCell.xib */,
				2336A394279300AF009C7F18 /* Assets.xcassets */,
				2336A396279300AF009C7F18 /* LaunchScreen.storyboard */,
				2336A399279300AF009C7F18 /* Info.plist */,
				2336A391279300AD009C7F18 /* Note.xcdatamodeld */,
			);
			path = Note;
			sourceTree = "<group>";
		};
		2336A3A1279300AF009C7F18 /* NoteTests */ = {
			isa = PBXGroup;
			children = (
				2336A3A2279300AF009C7F18 /* NoteTests.swift */,
				2336A3A4279300AF009C7F18 /* Info.plist */,
			);
			path = NoteTests;
			sourceTree = "<group>";
		};
		2336A3AC279300AF009C7F18 /* NoteUITests */ = {
			isa = PBXGroup;
			children = (
				2336A3AD279300AF009C7F18 /* NoteUITests.swift */,
				2336A3AF279300AF009C7F18 /* Info.plist */,
			);
			path = NoteUITests;
			sourceTree = "<group>";
		};
/* End PBXGroup section */

/* Begin PBXNativeTarget section */
		2336A384279300AD009C7F18 /* Note */ = {
			isa = PBXNativeTarget;
			buildConfigurationList = 2336A3B2279300AF009C7F18 /* Build configuration list for PBXNativeTarget "Note" */;
			buildPhases = (
				2336A381279300AD009C7F18 /* Sources */,
				2336A382279300AD009C7F18 /* Frameworks */,
				2336A383279300AD009C7F18 /* Resources */,
			);
			buildRules = (
			);
			dependencies = (
			);
			name = Note;
			productName = Note;
			productReference = 2336A385279300AD009C7F18 /* Note.app */;
			productType = "com.apple.product-type.application";
		};
		2336A39D279300AF009C7F18 /* NoteTests */ = {
			isa = PBXNativeTarget;
			buildConfigurationList = 2336A3B5279300AF009C7F18 /* Build configuration list for PBXNativeTarget "NoteTests" */;
			buildPhases = (
				2336A39A279300AF009C7F18 /* Sources */,
				2336A39B279300AF009C7F18 /* Frameworks */,
				2336A39C279300AF009C7F18 /* Resources */,
			);
			buildRules = (
			);
			dependencies = (
				2336A3A0279300AF009C7F18 /* PBXTargetDependency */,
			);
			name = NoteTests;
			productName = NoteTests;
			productReference = 2336A39E279300AF009C7F18 /* NoteTests.xctest */;
			productType = "com.apple.product-type.bundle.unit-test";
		};
		2336A3A8279300AF009C7F18 /* NoteUITests */ = {
			isa = PBXNativeTarget;
			buildConfigurationList = 2336A3B8279300AF009C7F18 /* Build configuration list for PBXNativeTarget "NoteUITests" */;
			buildPhases = (
				2336A3A5279300AF009C7F18 /* Sources */,
				2336A3A6279300AF009C7F18 /* Frameworks */,
				2336A3A7279300AF009C7F18 /* Resources */,
			);
			buildRules = (
			);
			dependencies = (
				2336A3AB279300AF009C7F18 /* PBXTargetDependency */,
			);
			name = NoteUITests;
			productName = NoteUITests;
			productReference = 2336A3A9279300AF009C7F18 /* NoteUITests.xctest */;
			productType = "com.apple.product-type.bundle.ui-testing";
		};
/* End PBXNativeTarget section */

/* Begin PBXProject section */
		2336A37D279300AC009C7F18 /* Project object */ = {
			isa = PBXProject;
			attributes = {
				LastSwiftUpdateCheck = 1240;
				LastUpgradeCheck = 1240;
				TargetAttributes = {
					2336A384279300AD009C7F18 = {
						CreatedOnToolsVersion = 12.4;
					};
					2336A39D279300AF009C7F18 = {
						CreatedOnToolsVersion = 12.4;
						TestTargetID = 2336A384279300AD009C7F18;
					};
					2336A3A8279300AF009C7F18 = {
						CreatedOnToolsVersion = 12.4;
						TestTargetID = 2336A384279300AD009C7F18;
					};
				};
			};
			buildConfigurationList = 2336A380279300AC009C7F18 /* Build configuration list for PBXProject "Note" */;
			compatibilityVersion = "Xcode 9.3";
			developmentRegion = en;
			hasScannedForEncodings = 0;
			knownRegions = (
				en,
				Base,
			);
			mainGroup = 2336A37C279300AC009C7F18;
			productRefGroup = 2336A386279300AD009C7F18 /* Products */;
			projectDirPath = "";
			projectRoot = "";
			targets = (
				2336A384279300AD009C7F18 /* Note */,
				2336A39D279300AF009C7F18 /* NoteTests */,
				2336A3A8279300AF009C7F18 /* NoteUITests */,
			);
		};
/* End PBXProject section */

/* Begin PBXResourcesBuildPhase section */
		2336A383279300AD009C7F18 /* Resources */ = {
			isa = PBXResourcesBuildPhase;
			buildActionMask = 2147483647;
			files = (
				2336A398279300AF009C7F18 /* LaunchScreen.storyboard in Resources */,
				2336A3D12795378E009C7F18 /* ListCell.xib in Resources */,
				2336A395279300AF009C7F18 /* Assets.xcassets in Resources */,
				2336A390279300AD009C7F18 /* Main.storyboard in Resources */,
			);
			runOnlyForDeploymentPostprocessing = 0;
		};
		2336A39C279300AF009C7F18 /* Resources */ = {
			isa = PBXResourcesBuildPhase;
			buildActionMask = 2147483647;
			files = (
			);
			runOnlyForDeploymentPostprocessing = 0;
		};
		2336A3A7279300AF009C7F18 /* Resources */ = {
			isa = PBXResourcesBuildPhase;
			buildActionMask = 2147483647;
			files = (
			);
			runOnlyForDeploymentPostprocessing = 0;
		};
/* End PBXResourcesBuildPhase section */

/* Begin PBXSourcesBuildPhase section */
		2336A381279300AD009C7F18 /* Sources */ = {
			isa = PBXSourcesBuildPhase;
			buildActionMask = 2147483647;
			files = (
				2336A38D279300AD009C7F18 /* ViewController.swift in Sources */,
				2336A389279300AD009C7F18 /* AppDelegate.swift in Sources */,
				2336A38B279300AD009C7F18 /* SceneDelegate.swift in Sources */,
				2336A3D02795378E009C7F18 /* ListCell.swift in Sources */,
				2336A393279300AD009C7F18 /* Note.xcdatamodeld in Sources */,
			);
			runOnlyForDeploymentPostprocessing = 0;
		};
		2336A39A279300AF009C7F18 /* Sources */ = {
			isa = PBXSourcesBuildPhase;
			buildActionMask = 2147483647;
			files = (
				2336A3A3279300AF009C7F18 /* NoteTests.swift in Sources */,
			);
			runOnlyForDeploymentPostprocessing = 0;
		};
		2336A3A5279300AF009C7F18 /* Sources */ = {
			isa = PBXSourcesBuildPhase;
			buildActionMask = 2147483647;
			files = (
				2336A3AE279300AF009C7F18 /* NoteUITests.swift in Sources */,
			);
			runOnlyForDeploymentPostprocessing = 0;
		};
/* End PBXSourcesBuildPhase section */

/* Begin PBXTargetDependency section */
		2336A3A0279300AF009C7F18 /* PBXTargetDependency */ = {
			isa = PBXTargetDependency;
			target = 2336A384279300AD009C7F18 /* Note */;
			targetProxy = 2336A39F279300AF009C7F18 /* PBXContainerItemProxy */;
		};
		2336A3AB279300AF009C7F18 /* PBXTargetDependency */ = {
			isa = PBXTargetDependency;
			target = 2336A384279300AD009C7F18 /* Note */;
			targetProxy = 2336A3AA279300AF009C7F18 /* PBXContainerItemProxy */;
		};
/* End PBXTargetDependency section */

/* Begin PBXVariantGroup section */
		2336A38E279300AD009C7F18 /* Main.storyboard */ = {
			isa = PBXVariantGroup;
			children = (
				2336A38F279300AD009C7F18 /* Base */,
			);
			name = Main.storyboard;
			sourceTree = "<group>";
		};
		2336A396279300AF009C7F18 /* LaunchScreen.storyboard */ = {
			isa = PBXVariantGroup;
			children = (
				2336A397279300AF009C7F18 /* Base */,
			);
			name = LaunchScreen.storyboard;
			sourceTree = "<group>";
		};
/* End PBXVariantGroup section */

/* Begin XCBuildConfiguration section */
		2336A3B0279300AF009C7F18 /* Debug */ = {
			isa = XCBuildConfiguration;
			buildSettings = {
				ALWAYS_SEARCH_USER_PATHS = NO;
				CLANG_ANALYZER_NONNULL = YES;
				CLANG_ANALYZER_NUMBER_OBJECT_CONVERSION = YES_AGGRESSIVE;
				CLANG_CXX_LANGUAGE_STANDARD = "gnu++14";
				CLANG_CXX_LIBRARY = "libc++";
				CLANG_ENABLE_MODULES = YES;
				CLANG_ENABLE_OBJC_ARC = YES;
				CLANG_ENABLE_OBJC_WEAK = YES;
				CLANG_WARN_BLOCK_CAPTURE_AUTORELEASING = YES;
				CLANG_WARN_BOOL_CONVERSION = YES;
				CLANG_WARN_COMMA = YES;
				CLANG_WARN_CONSTANT_CONVERSION = YES;
				CLANG_WARN_DEPRECATED_OBJC_IMPLEMENTATIONS = YES;
				CLANG_WARN_DIRECT_OBJC_ISA_USAGE = YES_ERROR;
				CLANG_WARN_DOCUMENTATION_COMMENTS = YES;
				CLANG_WARN_EMPTY_BODY = YES;
				CLANG_WARN_ENUM_CONVERSION = YES;
				CLANG_WARN_INFINITE_RECURSION = YES;
				CLANG_WARN_INT_CONVERSION = YES;
				CLANG_WARN_NON_LITERAL_NULL_CONVERSION = YES;
				CLANG_WARN_OBJC_IMPLICIT_RETAIN_SELF = YES;
				CLANG_WARN_OBJC_LITERAL_CONVERSION = YES;
				CLANG_WARN_OBJC_ROOT_CLASS = YES_ERROR;
				CLANG_WARN_QUOTED_INCLUDE_IN_FRAMEWORK_HEADER = YES;
				CLANG_WARN_RANGE_LOOP_ANALYSIS = YES;
				CLANG_WARN_STRICT_PROTOTYPES = YES;
				CLANG_WARN_SUSPICIOUS_MOVE = YES;
				CLANG_WARN_UNGUARDED_AVAILABILITY = YES_AGGRESSIVE;
				CLANG_WARN_UNREACHABLE_CODE = YES;
				CLANG_WARN__DUPLICATE_METHOD_MATCH = YES;
				COPY_PHASE_STRIP = NO;
				DEBUG_INFORMATION_FORMAT = dwarf;
				ENABLE_STRICT_OBJC_MSGSEND = YES;
				ENABLE_TESTABILITY = YES;
				GCC_C_LANGUAGE_STANDARD = gnu11;
				GCC_DYNAMIC_NO_PIC = NO;
				GCC_NO_COMMON_BLOCKS = YES;
				GCC_OPTIMIZATION_LEVEL = 0;
				GCC_PREPROCESSOR_DEFINITIONS = (
					"DEBUG=1",
					"$(inherited)",
				);
				GCC_WARN_64_TO_32_BIT_CONVERSION = YES;
				GCC_WARN_ABOUT_RETURN_TYPE = YES_ERROR;
				GCC_WARN_UNDECLARED_SELECTOR = YES;
				GCC_WARN_UNINITIALIZED_AUTOS = YES_AGGRESSIVE;
				GCC_WARN_UNUSED_FUNCTION = YES;
				GCC_WARN_UNUSED_VARIABLE = YES;
				IPHONEOS_DEPLOYMENT_TARGET = 14.4;
				MTL_ENABLE_DEBUG_INFO = INCLUDE_SOURCE;
				MTL_FAST_MATH = YES;
				ONLY_ACTIVE_ARCH = YES;
				SDKROOT = iphoneos;
				SWIFT_ACTIVE_COMPILATION_CONDITIONS = DEBUG;
				SWIFT_OPTIMIZATION_LEVEL = "-Onone";
			};
			name = Debug;
		};
		2336A3B1279300AF009C7F18 /* Release */ = {
			isa = XCBuildConfiguration;
			buildSettings = {
				ALWAYS_SEARCH_USER_PATHS = NO;
				CLANG_ANALYZER_NONNULL = YES;
				CLANG_ANALYZER_NUMBER_OBJECT_CONVERSION = YES_AGGRESSIVE;
				CLANG_CXX_LANGUAGE_STANDARD = "gnu++14";
				CLANG_CXX_LIBRARY = "libc++";
				CLANG_ENABLE_MODULES = YES;
				CLANG_ENABLE_OBJC_ARC = YES;
				CLANG_ENABLE_OBJC_WEAK = YES;
				CLANG_WARN_BLOCK_CAPTURE_AUTORELEASING = YES;
				CLANG_WARN_BOOL_CONVERSION = YES;
				CLANG_WARN_COMMA = YES;
				CLANG_WARN_CONSTANT_CONVERSION = YES;
				CLANG_WARN_DEPRECATED_OBJC_IMPLEMENTATIONS = YES;
				CLANG_WARN_DIRECT_OBJC_ISA_USAGE = YES_ERROR;
				CLANG_WARN_DOCUMENTATION_COMMENTS = YES;
				CLANG_WARN_EMPTY_BODY = YES;
				CLANG_WARN_ENUM_CONVERSION = YES;
				CLANG_WARN_INFINITE_RECURSION = YES;
				CLANG_WARN_INT_CONVERSION = YES;
				CLANG_WARN_NON_LITERAL_NULL_CONVERSION = YES;
				CLANG_WARN_OBJC_IMPLICIT_RETAIN_SELF = YES;
				CLANG_WARN_OBJC_LITERAL_CONVERSION = YES;
				CLANG_WARN_OBJC_ROOT_CLASS = YES_ERROR;
				CLANG_WARN_QUOTED_INCLUDE_IN_FRAMEWORK_HEADER = YES;
				CLANG_WARN_RANGE_LOOP_ANALYSIS = YES;
				CLANG_WARN_STRICT_PROTOTYPES = YES;
				CLANG_WARN_SUSPICIOUS_MOVE = YES;
				CLANG_WARN_UNGUARDED_AVAILABILITY = YES_AGGRESSIVE;
				CLANG_WARN_UNREACHABLE_CODE = YES;
				CLANG_WARN__DUPLICATE_METHOD_MATCH = YES;
				COPY_PHASE_STRIP = NO;
				DEBUG_INFORMATION_FORMAT = "dwarf-with-dsym";
				ENABLE_NS_ASSERTIONS = NO;
				ENABLE_STRICT_OBJC_MSGSEND = YES;
				GCC_C_LANGUAGE_STANDARD = gnu11;
				GCC_NO_COMMON_BLOCKS = YES;
				GCC_WARN_64_TO_32_BIT_CONVERSION = YES;
				GCC_WARN_ABOUT_RETURN_TYPE = YES_ERROR;
				GCC_WARN_UNDECLARED_SELECTOR = YES;
				GCC_WARN_UNINITIALIZED_AUTOS = YES_AGGRESSIVE;
				GCC_WARN_UNUSED_FUNCTION = YES;
				GCC_WARN_UNUSED_VARIABLE = YES;
				IPHONEOS_DEPLOYMENT_TARGET = 14.4;
				MTL_ENABLE_DEBUG_INFO = NO;
				MTL_FAST_MATH = YES;
				SDKROOT = iphoneos;
				SWIFT_COMPILATION_MODE = wholemodule;
				SWIFT_OPTIMIZATION_LEVEL = "-O";
				VALIDATE_PRODUCT = YES;
			};
			name = Release;
		};
		2336A3B3279300AF009C7F18 /* Debug */ = {
			isa = XCBuildConfiguration;
			buildSettings = {
				ASSETCATALOG_COMPILER_APPICON_NAME = AppIcon;
				ASSETCATALOG_COMPILER_GLOBAL_ACCENT_COLOR_NAME = AccentColor;
				CODE_SIGN_STYLE = Automatic;
				INFOPLIST_FILE = Note/Info.plist;
				IPHONEOS_DEPLOYMENT_TARGET = 13.4;
				LD_RUNPATH_SEARCH_PATHS = (
					"$(inherited)",
					"@executable_path/Frameworks",
				);
				PRODUCT_BUNDLE_IDENTIFIER = SojinPark.Note;
				PRODUCT_NAME = "$(TARGET_NAME)";
				SWIFT_VERSION = 5.0;
				TARGETED_DEVICE_FAMILY = 1;
			};
			name = Debug;
		};
		2336A3B4279300AF009C7F18 /* Release */ = {
			isa = XCBuildConfiguration;
			buildSettings = {
				ASSETCATALOG_COMPILER_APPICON_NAME = AppIcon;
				ASSETCATALOG_COMPILER_GLOBAL_ACCENT_COLOR_NAME = AccentColor;
				CODE_SIGN_STYLE = Automatic;
				INFOPLIST_FILE = Note/Info.plist;
				IPHONEOS_DEPLOYMENT_TARGET = 13.4;
				LD_RUNPATH_SEARCH_PATHS = (
					"$(inherited)",
					"@executable_path/Frameworks",
				);
				PRODUCT_BUNDLE_IDENTIFIER = SojinPark.Note;
				PRODUCT_NAME = "$(TARGET_NAME)";
				SWIFT_VERSION = 5.0;
				TARGETED_DEVICE_FAMILY = 1;
			};
			name = Release;
		};
		2336A3B6279300AF009C7F18 /* Debug */ = {
			isa = XCBuildConfiguration;
			buildSettings = {
				ALWAYS_EMBED_SWIFT_STANDARD_LIBRARIES = YES;
				BUNDLE_LOADER = "$(TEST_HOST)";
				CODE_SIGN_STYLE = Automatic;
				INFOPLIST_FILE = NoteTests/Info.plist;
				IPHONEOS_DEPLOYMENT_TARGET = 14.4;
				LD_RUNPATH_SEARCH_PATHS = (
					"$(inherited)",
					"@executable_path/Frameworks",
					"@loader_path/Frameworks",
				);
				PRODUCT_BUNDLE_IDENTIFIER = SojinPark.NoteTests;
				PRODUCT_NAME = "$(TARGET_NAME)";
				SWIFT_VERSION = 5.0;
				TARGETED_DEVICE_FAMILY = "1,2";
				TEST_HOST = "$(BUILT_PRODUCTS_DIR)/Note.app/Note";
			};
			name = Debug;
		};
		2336A3B7279300AF009C7F18 /* Release */ = {
			isa = XCBuildConfiguration;
			buildSettings = {
				ALWAYS_EMBED_SWIFT_STANDARD_LIBRARIES = YES;
				BUNDLE_LOADER = "$(TEST_HOST)";
				CODE_SIGN_STYLE = Automatic;
				INFOPLIST_FILE = NoteTests/Info.plist;
				IPHONEOS_DEPLOYMENT_TARGET = 14.4;
				LD_RUNPATH_SEARCH_PATHS = (
					"$(inherited)",
					"@executable_path/Frameworks",
					"@loader_path/Frameworks",
				);
				PRODUCT_BUNDLE_IDENTIFIER = SojinPark.NoteTests;
				PRODUCT_NAME = "$(TARGET_NAME)";
				SWIFT_VERSION = 5.0;
				TARGETED_DEVICE_FAMILY = "1,2";
				TEST_HOST = "$(BUILT_PRODUCTS_DIR)/Note.app/Note";
			};
			name = Release;
		};
		2336A3B9279300AF009C7F18 /* Debug */ = {
			isa = XCBuildConfiguration;
			buildSettings = {
				ALWAYS_EMBED_SWIFT_STANDARD_LIBRARIES = YES;
				CODE_SIGN_STYLE = Automatic;
				INFOPLIST_FILE = NoteUITests/Info.plist;
				LD_RUNPATH_SEARCH_PATHS = (
					"$(inherited)",
					"@executable_path/Frameworks",
					"@loader_path/Frameworks",
				);
				PRODUCT_BUNDLE_IDENTIFIER = SojinPark.NoteUITests;
				PRODUCT_NAME = "$(TARGET_NAME)";
				SWIFT_VERSION = 5.0;
				TARGETED_DEVICE_FAMILY = "1,2";
				TEST_TARGET_NAME = Note;
			};
			name = Debug;
		};
		2336A3BA279300AF009C7F18 /* Release */ = {
			isa = XCBuildConfiguration;
			buildSettings = {
				ALWAYS_EMBED_SWIFT_STANDARD_LIBRARIES = YES;
				CODE_SIGN_STYLE = Automatic;
				INFOPLIST_FILE = NoteUITests/Info.plist;
				LD_RUNPATH_SEARCH_PATHS = (
					"$(inherited)",
					"@executable_path/Frameworks",
					"@loader_path/Frameworks",
				);
				PRODUCT_BUNDLE_IDENTIFIER = SojinPark.NoteUITests;
				PRODUCT_NAME = "$(TARGET_NAME)";
				SWIFT_VERSION = 5.0;
				TARGETED_DEVICE_FAMILY = "1,2";
				TEST_TARGET_NAME = Note;
			};
			name = Release;
		};
/* End XCBuildConfiguration section */

/* Begin XCConfigurationList section */
		2336A380279300AC009C7F18 /* Build configuration list for PBXProject "Note" */ = {
			isa = XCConfigurationList;
			buildConfigurations = (
				2336A3B0279300AF009C7F18 /* Debug */,
				2336A3B1279300AF009C7F18 /* Release */,
			);
			defaultConfigurationIsVisible = 0;
			defaultConfigurationName = Release;
		};
		2336A3B2279300AF009C7F18 /* Build configuration list for PBXNativeTarget "Note" */ = {
			isa = XCConfigurationList;
			buildConfigurations = (
				2336A3B3279300AF009C7F18 /* Debug */,
				2336A3B4279300AF009C7F18 /* Release */,
			);
			defaultConfigurationIsVisible = 0;
			defaultConfigurationName = Release;
		};
		2336A3B5279300AF009C7F18 /* Build configuration list for PBXNativeTarget "NoteTests" */ = {
			isa = XCConfigurationList;
			buildConfigurations = (
				2336A3B6279300AF009C7F18 /* Debug */,
				2336A3B7279300AF009C7F18 /* Release */,
			);
			defaultConfigurationIsVisible = 0;
			defaultConfigurationName = Release;
		};
		2336A3B8279300AF009C7F18 /* Build configuration list for PBXNativeTarget "NoteUITests" */ = {
			isa = XCConfigurationList;
			buildConfigurations = (
				2336A3B9279300AF009C7F18 /* Debug */,
				2336A3BA279300AF009C7F18 /* Release */,
			);
			defaultConfigurationIsVisible = 0;
			defaultConfigurationName = Release;
		};
/* End XCConfigurationList section */

/* Begin XCVersionGroup section */
		2336A391279300AD009C7F18 /* Note.xcdatamodeld */ = {
			isa = XCVersionGroup;
			children = (
				2336A392279300AD009C7F18 /* Note.xcdatamodel */,
			);
			currentVersion = 2336A392279300AD009C7F18 /* Note.xcdatamodel */;
			path = Note.xcdatamodeld;
			sourceTree = "<group>";
			versionGroupType = wrapper.xcdatamodel;
		};
/* End XCVersionGroup section */
	};
	rootObject = 2336A37D279300AC009C7F18 /* Project object */;
}
